
Microsoft Visual Studio Solution File, Format Version 12.00
# Visual Studio 2012
Project("{FAE04EC0-301F-11D3-BF4B-00C04F79EFBC}") = "Samadhi2", "Samadhi2\Samadhi2.csproj", "{9FC9A060-AB56-461F-9FF5-9B61AA9239AD}"
EndProject
Project("{2150E333-8FDC-42A3-9474-1A3956D46DE8}") = "Components", "Components", "{947204A3-0AB7-4C8D-ABE6-87224B3ED03A}"
EndProject
Project("{FAE04EC0-301F-11D3-BF4B-00C04F79EFBC}") = "Samadhi.Common.Component", "Components\Samadhi.Settings.Component\Samadhi.Common.Component.csproj", "{971600B2-117C-4E38-AD6F-66232BAC3051}"
EndProject
Project("{FAE04EC0-301F-11D3-BF4B-00C04F79EFBC}") = "Samadhi.Common.Data", "Components\Samadhi.Settings.Data\Samadhi.Common.Data.csproj", "{48B67C18-B9B2-4A71-9F06-276B95272E7B}"
EndProject
Project("{2150E333-8FDC-42A3-9474-1A3956D46DE8}") = "Application", "Application", "{B4297D4D-C57B-45E9-8884-1C38D87FA566}"
EndProject
Project("{FAE04EC0-301F-11D3-BF4B-00C04F79EFBC}") = "Samadhi.Application", "Application\Samadhi.Application\Samadhi.Application.csproj", "{03207993-153A-4315-8C28-07321095DA6B}"
EndProject
Project("{FAE04EC0-301F-11D3-BF4B-00C04F79EFBC}") = "Samadhi.History.Controller", "Components\Samadhi.URLHistory.Controller\Samadhi.History.Controller.csproj", "{897F6966-857B-48FE-A812-0D8CA489264E}"
EndProject
Project("{FAE04EC0-301F-11D3-BF4B-00C04F79EFBC}") = "Samadhi.History.Data", "Components\Samadhi.URLHistory.Data\Samadhi.History.Data.csproj", "{A4A2818A-20DC-4DA2-88DE-8F31BA8ABDD1}"
EndProject
Project("{2150E333-8FDC-42A3-9474-1A3956D46DE8}") = "Attacks", "Attacks", "{3BC86EAF-2BC4-4F70-8EEB-5895CB076D0A}"
EndProject
Project("{FAE04EC0-301F-11D3-BF4B-00C04F79EFBC}") = "Samadhi.Attack.Error", "Attacks\Samadhi.Attack.Error\Samadhi.Attack.Error.csproj", "{A080443C-FBC3-4E7F-B1F6-263F3A073682}"
EndProject
Project("{FAE04EC0-301F-11D3-BF4B-00C04F79EFBC}") = "Samadhi.Attack.XSS", "Attacks\Samadhi.Attack.XSS\Samadhi.Attack.XSS.csproj", "{F77F036E-E29A-4D9F-9AD4-1CC31454B43D}"
EndProject
Project("{FAE04EC0-301F-11D3-BF4B-00C04F79EFBC}") = "Samadhi.Attack.CRLF", "Attacks\Samadhi.Attack.CRLF\Samadhi.Attack.CRLF.csproj", "{AF700A85-6172-4CB5-A976-8FD7532EF15C}"
EndProject
Project("{FAE04EC0-301F-11D3-BF4B-00C04F79EFBC}") = "Samadhi.Attack.Common", "Attacks\Samadhi.Attack.Common\Samadhi.Attack.Common.csproj", "{F17DBA84-D2E4-42EE-B6E7-2B2FEF18333B}"
EndProject
Project("{FAE04EC0-301F-11D3-BF4B-00C04F79EFBC}") = "Samadhi.Data", "Application\Samadhi.Data\Samadhi.Data.csproj", "{310CC4FD-EE7E-40FD-9E20-0585540C114F}"
EndProject
Project("{2150E333-8FDC-42A3-9474-1A3956D46DE8}") = "Core", "Core", "{7A616D24-D650-427C-9EC3-DCD8CEBAEE0D}"
EndProject
Project("{FAE04EC0-301F-11D3-BF4B-00C04F79EFBC}") = "Core.SQLite.Accessor", "Core\Core.SQLite\Core.SQLite.Accessor\Core.SQLite.Accessor.csproj", "{3EF0F4A4-28FE-4CBE-8325-C6C1D2EA2055}"
EndProject
Global
	GlobalSection(SolutionConfigurationPlatforms) = preSolution
		Debug|Any CPU = Debug|Any CPU
		Release|Any CPU = Release|Any CPU
	EndGlobalSection
	GlobalSection(ProjectConfigurationPlatforms) = postSolution
		{9FC9A060-AB56-461F-9FF5-9B61AA9239AD}.Debug|Any CPU.ActiveCfg = Debug|Any CPU
		{9FC9A060-AB56-461F-9FF5-9B61AA9239AD}.Debug|Any CPU.Build.0 = Debug|Any CPU
		{9FC9A060-AB56-461F-9FF5-9B61AA9239AD}.Release|Any CPU.ActiveCfg = Release|Any CPU
		{9FC9A060-AB56-461F-9FF5-9B61AA9239AD}.Release|Any CPU.Build.0 = Release|Any CPU
		{971600B2-117C-4E38-AD6F-66232BAC3051}.Debug|Any CPU.ActiveCfg = Debug|Any CPU
		{971600B2-117C-4E38-AD6F-66232BAC3051}.Debug|Any CPU.Build.0 = Debug|Any CPU
		{971600B2-117C-4E38-AD6F-66232BAC3051}.Release|Any CPU.ActiveCfg = Release|Any CPU
		{971600B2-117C-4E38-AD6F-66232BAC3051}.Release|Any CPU.Build.0 = Release|Any CPU
		{48B67C18-B9B2-4A71-9F06-276B95272E7B}.Debug|Any CPU.ActiveCfg = Debug|Any CPU
		{48B67C18-B9B2-4A71-9F06-276B95272E7B}.Debug|Any CPU.Build.0 = Debug|Any CPU
		{48B67C18-B9B2-4A71-9F06-276B95272E7B}.Release|Any CPU.ActiveCfg = Release|Any CPU
		{48B67C18-B9B2-4A71-9F06-276B95272E7B}.Release|Any CPU.Build.0 = Release|Any CPU
		{03207993-153A-4315-8C28-07321095DA6B}.Debug|Any CPU.ActiveCfg = Debug|Any CPU
		{03207993-153A-4315-8C28-07321095DA6B}.Debug|Any CPU.Build.0 = Debug|Any CPU
		{03207993-153A-4315-8C28-07321095DA6B}.Release|Any CPU.ActiveCfg = Release|Any CPU
		{03207993-153A-4315-8C28-07321095DA6B}.Release|Any CPU.Build.0 = Release|Any CPU
		{897F6966-857B-48FE-A812-0D8CA489264E}.Debug|Any CPU.ActiveCfg = Debug|Any CPU
		{897F6966-857B-48FE-A812-0D8CA489264E}.Debug|Any CPU.Build.0 = Debug|Any CPU
		{897F6966-857B-48FE-A812-0D8CA489264E}.Release|Any CPU.ActiveCfg = Release|Any CPU
		{897F6966-857B-48FE-A812-0D8CA489264E}.Release|Any CPU.Build.0 = Release|Any CPU
		{A4A2818A-20DC-4DA2-88DE-8F31BA8ABDD1}.Debug|Any CPU.ActiveCfg = Debug|Any CPU
		{A4A2818A-20DC-4DA2-88DE-8F31BA8ABDD1}.Debug|Any CPU.Build.0 = Debug|Any CPU
		{A4A2818A-20DC-4DA2-88DE-8F31BA8ABDD1}.Release|Any CPU.ActiveCfg = Release|Any CPU
		{A4A2818A-20DC-4DA2-88DE-8F31BA8ABDD1}.Release|Any CPU.Build.0 = Release|Any CPU
		{A080443C-FBC3-4E7F-B1F6-263F3A073682}.Debug|Any CPU.ActiveCfg = Debug|Any CPU
		{A080443C-FBC3-4E7F-B1F6-263F3A073682}.Debug|Any CPU.Build.0 = Debug|Any CPU
		{A080443C-FBC3-4E7F-B1F6-263F3A073682}.Release|Any CPU.ActiveCfg = Release|Any CPU
		{A080443C-FBC3-4E7F-B1F6-263F3A073682}.Release|Any CPU.Build.0 = Release|Any CPU
		{F77F036E-E29A-4D9F-9AD4-1CC31454B43D}.Debug|Any CPU.ActiveCfg = Debug|Any CPU
		{F77F036E-E29A-4D9F-9AD4-1CC31454B43D}.Debug|Any CPU.Build.0 = Debug|Any CPU
		{F77F036E-E29A-4D9F-9AD4-1CC31454B43D}.Release|Any CPU.ActiveCfg = Release|Any CPU
		{F77F036E-E29A-4D9F-9AD4-1CC31454B43D}.Release|Any CPU.Build.0 = Release|Any CPU
		{AF700A85-6172-4CB5-A976-8FD7532EF15C}.Debug|Any CPU.ActiveCfg = Debug|Any CPU
		{AF700A85-6172-4CB5-A976-8FD7532EF15C}.Debug|Any CPU.Build.0 = Debug|Any CPU
		{AF700A85-6172-4CB5-A976-8FD7532EF15C}.Release|Any CPU.ActiveCfg = Release|Any CPU
		{AF700A85-6172-4CB5-A976-8FD7532EF15C}.Release|Any CPU.Build.0 = Release|Any CPU
		{F17DBA84-D2E4-42EE-B6E7-2B2FEF18333B}.Debug|Any CPU.ActiveCfg = Debug|Any CPU
		{F17DBA84-D2E4-42EE-B6E7-2B2FEF18333B}.Debug|Any CPU.Build.0 = Debug|Any CPU
		{F17DBA84-D2E4-42EE-B6E7-2B2FEF18333B}.Release|Any CPU.ActiveCfg = Release|Any CPU
		{F17DBA84-D2E4-42EE-B6E7-2B2FEF18333B}.Release|Any CPU.Build.0 = Release|Any CPU
		{310CC4FD-EE7E-40FD-9E20-0585540C114F}.Debug|Any CPU.ActiveCfg = Debug|Any CPU
		{310CC4FD-EE7E-40FD-9E20-0585540C114F}.Debug|Any CPU.Build.0 = Debug|Any CPU
		{310CC4FD-EE7E-40FD-9E20-0585540C114F}.Release|Any CPU.ActiveCfg = Release|Any CPU
		{310CC4FD-EE7E-40FD-9E20-0585540C114F}.Release|Any CPU.Build.0 = Release|Any CPU
		{3EF0F4A4-28FE-4CBE-8325-C6C1D2EA2055}.Debug|Any CPU.ActiveCfg = Debug|Any CPU
		{3EF0F4A4-28FE-4CBE-8325-C6C1D2EA2055}.Debug|Any CPU.Build.0 = Debug|Any CPU
		{3EF0F4A4-28FE-4CBE-8325-C6C1D2EA2055}.Release|Any CPU.ActiveCfg = Release|Any CPU
		{3EF0F4A4-28FE-4CBE-8325-C6C1D2EA2055}.Release|Any CPU.Build.0 = Release|Any CPU
	EndGlobalSection
	GlobalSection(SolutionProperties) = preSolution
		HideSolutionNode = FALSE
	EndGlobalSection
	GlobalSection(NestedProjects) = preSolution
		{971600B2-117C-4E38-AD6F-66232BAC3051} = {947204A3-0AB7-4C8D-ABE6-87224B3ED03A}
		{48B67C18-B9B2-4A71-9F06-276B95272E7B} = {947204A3-0AB7-4C8D-ABE6-87224B3ED03A}
		{897F6966-857B-48FE-A812-0D8CA489264E} = {947204A3-0AB7-4C8D-ABE6-87224B3ED03A}
		{A4A2818A-20DC-4DA2-88DE-8F31BA8ABDD1} = {947204A3-0AB7-4C8D-ABE6-87224B3ED03A}
		{03207993-153A-4315-8C28-07321095DA6B} = {B4297D4D-C57B-45E9-8884-1C38D87FA566}
		{310CC4FD-EE7E-40FD-9E20-0585540C114F} = {B4297D4D-C57B-45E9-8884-1C38D87FA566}
		{A080443C-FBC3-4E7F-B1F6-263F3A073682} = {3BC86EAF-2BC4-4F70-8EEB-5895CB076D0A}
		{F77F036E-E29A-4D9F-9AD4-1CC31454B43D} = {3BC86EAF-2BC4-4F70-8EEB-5895CB076D0A}
		{AF700A85-6172-4CB5-A976-8FD7532EF15C} = {3BC86EAF-2BC4-4F70-8EEB-5895CB076D0A}
		{F17DBA84-D2E4-42EE-B6E7-2B2FEF18333B} = {3BC86EAF-2BC4-4F70-8EEB-5895CB076D0A}
		{3EF0F4A4-28FE-4CBE-8325-C6C1D2EA2055} = {7A616D24-D650-427C-9EC3-DCD8CEBAEE0D}
	EndGlobalSection
EndGlobal
